
Microsoft Visual Studio Solution File, Format Version 12.00
# Visual Studio Version 17
VisualStudioVersion = 17.4.33213.308
MinimumVisualStudioVersion = 10.0.40219.1
Project("{9A19103F-16F7-4668-BE54-9A1E7A4F7556}") = "RapidSettings", "RapidSettings\RapidSettings.csproj", "{9D7AC9D5-02E2-4E24-9CDC-E3DA001691E6}"
EndProject
Project("{9A19103F-16F7-4668-BE54-9A1E7A4F7556}") = "RapidSettings.Tests", "RapidSettings.Tests\RapidSettings.Tests.csproj", "{40658081-EE70-44E5-A25E-36A3383DF289}"
EndProject
Project("{2150E333-8FDC-42A3-9474-1A3956D46DE8}") = "Solution Items", "Solution Items", "{41A849FD-5B27-4B1E-BDF8-FA2C9525A09F}"
	ProjectSection(SolutionItems) = preProject
		.editorconfig = .editorconfig
		appveyor.yml = appveyor.yml
		Directory.Build.props = Directory.Build.props
		Directory.Packages.props = Directory.Packages.props
		LICENSE = LICENSE
		README.md = README.md
	EndProjectSection
EndProject
Project("{FAE04EC0-301F-11D3-BF4B-00C04F79EFBC}") = "RapidSettings.Example", "RapidSettings.Example\RapidSettings.Example.csproj", "{0376BFDA-EDE7-461A-9076-C2DCC0CE5AB7}"
EndProject
Project("{9A19103F-16F7-4668-BE54-9A1E7A4F7556}") = "RapidSettings.Example.NetCore", "RapidSettings.Example.NetCore\RapidSettings.Example.NetCore.csproj", "{6BE4CFB5-1DAA-45AF-BDA6-7ED86D2FF00E}"
EndProject
Global
	GlobalSection(SolutionConfigurationPlatforms) = preSolution
		Debug|Any CPU = Debug|Any CPU
		Release|Any CPU = Release|Any CPU
	EndGlobalSection
	GlobalSection(ProjectConfigurationPlatforms) = postSolution
		{9D7AC9D5-02E2-4E24-9CDC-E3DA001691E6}.Debug|Any CPU.ActiveCfg = Debug|Any CPU
		{9D7AC9D5-02E2-4E24-9CDC-E3DA001691E6}.Debug|Any CPU.Build.0 = Debug|Any CPU
		{9D7AC9D5-02E2-4E24-9CDC-E3DA001691E6}.Release|Any CPU.ActiveCfg = Release|Any CPU
		{9D7AC9D5-02E2-4E24-9CDC-E3DA001691E6}.Release|Any CPU.Build.0 = Release|Any CPU
		{40658081-EE70-44E5-A25E-36A3383DF289}.Debug|Any CPU.ActiveCfg = Debug|Any CPU
		{40658081-EE70-44E5-A25E-36A3383DF289}.Debug|Any CPU.Build.0 = Debug|Any CPU
		{40658081-EE70-44E5-A25E-36A3383DF289}.Release|Any CPU.ActiveCfg = Release|Any CPU
		{40658081-EE70-44E5-A25E-36A3383DF289}.Release|Any CPU.Build.0 = Release|Any CPU
		{0376BFDA-EDE7-461A-9076-C2DCC0CE5AB7}.Debug|Any CPU.ActiveCfg = Debug|Any CPU
		{0376BFDA-EDE7-461A-9076-C2DCC0CE5AB7}.Debug|Any CPU.Build.0 = Debug|Any CPU
		{0376BFDA-EDE7-461A-9076-C2DCC0CE5AB7}.Release|Any CPU.ActiveCfg = Release|Any CPU
		{0376BFDA-EDE7-461A-9076-C2DCC0CE5AB7}.Release|Any CPU.Build.0 = Release|Any CPU
		{6BE4CFB5-1DAA-45AF-BDA6-7ED86D2FF00E}.Debug|Any CPU.ActiveCfg = Debug|Any CPU
		{6BE4CFB5-1DAA-45AF-BDA6-7ED86D2FF00E}.Debug|Any CPU.Build.0 = Debug|Any CPU
		{6BE4CFB5-1DAA-45AF-BDA6-7ED86D2FF00E}.Release|Any CPU.ActiveCfg = Release|Any CPU
		{6BE4CFB5-1DAA-45AF-BDA6-7ED86D2FF00E}.Release|Any CPU.Build.0 = Release|Any CPU
	EndGlobalSection
	GlobalSection(SolutionProperties) = preSolution
		HideSolutionNode = FALSE
	EndGlobalSection
	GlobalSection(ExtensibilityGlobals) = postSolution
		SolutionGuid = {95A21A4D-C9CE-4DFB-83D6-F6F09B9D83CA}
	EndGlobalSection
EndGlobal
